
Microsoft Visual Studio Solution File, Format Version 12.00
# Visual Studio 15
VisualStudioVersion = 15.0.34112.143
MinimumVisualStudioVersion = 10.0.40219.1
Project("{FAE04EC0-301F-11D3-BF4B-00C04F79EFBC}") = "BaiTapWeb21112023", "BaiTapWeb21112023\BaiTapWeb21112023.csproj", "{197840D0-17C6-45B0-9C93-17DC7EB8AF58}"
EndProject
Global
	GlobalSection(SolutionConfigurationPlatforms) = preSolution
		Debug|Any CPU = Debug|Any CPU
		Release|Any CPU = Release|Any CPU
	EndGlobalSection
	GlobalSection(ProjectConfigurationPlatforms) = postSolution
		{197840D0-17C6-45B0-9C93-17DC7EB8AF58}.Debug|Any CPU.ActiveCfg = Debug|Any CPU
		{197840D0-17C6-45B0-9C93-17DC7EB8AF58}.Debug|Any CPU.Build.0 = Debug|Any CPU
		{197840D0-17C6-45B0-9C93-17DC7EB8AF58}.Release|Any CPU.ActiveCfg = Release|Any CPU
		{197840D0-17C6-45B0-9C93-17DC7EB8AF58}.Release|Any CPU.Build.0 = Release|Any CPU
	EndGlobalSection
	GlobalSection(SolutionProperties) = preSolution
		HideSolutionNode = FALSE
	EndGlobalSection
	GlobalSection(ExtensibilityGlobals) = postSolution
		SolutionGuid = {56C0E5B6-8B21-4C59-9FA0-F0F1FF84C939}
	EndGlobalSection
EndGlobal
