
Microsoft Visual Studio Solution File, Format Version 12.00
# Visual Studio Version 17
VisualStudioVersion = 17.7.34031.279
MinimumVisualStudioVersion = 10.0.40219.1
Project("{FAE04EC0-301F-11D3-BF4B-00C04F79EFBC}") = "LTDN_VuKhuongDuy_20103100764", "LTDN_VuKhuongDuy_20103100764\LTDN_VuKhuongDuy_20103100764.csproj", "{728B90D9-FE81-4F27-AF06-A6EDD7CD1F32}"
EndProject
Global
	GlobalSection(SolutionConfigurationPlatforms) = preSolution
		Debug|Any CPU = Debug|Any CPU
		Release|Any CPU = Release|Any CPU
	EndGlobalSection
	GlobalSection(ProjectConfigurationPlatforms) = postSolution
		{728B90D9-FE81-4F27-AF06-A6EDD7CD1F32}.Debug|Any CPU.ActiveCfg = Debug|Any CPU
		{728B90D9-FE81-4F27-AF06-A6EDD7CD1F32}.Debug|Any CPU.Build.0 = Debug|Any CPU
		{728B90D9-FE81-4F27-AF06-A6EDD7CD1F32}.Release|Any CPU.ActiveCfg = Release|Any CPU
		{728B90D9-FE81-4F27-AF06-A6EDD7CD1F32}.Release|Any CPU.Build.0 = Release|Any CPU
	EndGlobalSection
	GlobalSection(SolutionProperties) = preSolution
		HideSolutionNode = FALSE
	EndGlobalSection
	GlobalSection(ExtensibilityGlobals) = postSolution
		SolutionGuid = {CD7EF904-7757-4957-8E7D-EBF19FF13720}
	EndGlobalSection
EndGlobal
