
Microsoft Visual Studio Solution File, Format Version 12.00
# Visual Studio Version 17
VisualStudioVersion = 17.7.34031.279
MinimumVisualStudioVersion = 10.0.40219.1
Project("{FAE04EC0-301F-11D3-BF4B-00C04F79EFBC}") = "BaiTap24102023", "BaiTap24102023\BaiTap24102023.csproj", "{C567B262-AA28-428A-8597-4866DE940ADB}"
EndProject
Global
	GlobalSection(SolutionConfigurationPlatforms) = preSolution
		Debug|Any CPU = Debug|Any CPU
		Release|Any CPU = Release|Any CPU
	EndGlobalSection
	GlobalSection(ProjectConfigurationPlatforms) = postSolution
		{C567B262-AA28-428A-8597-4866DE940ADB}.Debug|Any CPU.ActiveCfg = Debug|Any CPU
		{C567B262-AA28-428A-8597-4866DE940ADB}.Debug|Any CPU.Build.0 = Debug|Any CPU
		{C567B262-AA28-428A-8597-4866DE940ADB}.Release|Any CPU.ActiveCfg = Release|Any CPU
		{C567B262-AA28-428A-8597-4866DE940ADB}.Release|Any CPU.Build.0 = Release|Any CPU
	EndGlobalSection
	GlobalSection(SolutionProperties) = preSolution
		HideSolutionNode = FALSE
	EndGlobalSection
	GlobalSection(ExtensibilityGlobals) = postSolution
		SolutionGuid = {A18A1D40-6EF5-406E-88DA-BB894AA70175}
	EndGlobalSection
EndGlobal
